
Microsoft Visual Studio Solution File, Format Version 12.00
# Visual Studio Version 16
VisualStudioVersion = 16.0.31112.23
MinimumVisualStudioVersion = 10.0.40219.1
Project("{FAE04EC0-301F-11D3-BF4B-00C04F79EFBC}") = "Grade Point Average Calculator", "Grade Point Average Calculator\Grade Point Average Calculator.csproj", "{DE50B996-4111-432C-A13E-E9D1D5FE57B5}"
EndProject
Global
	GlobalSection(SolutionConfigurationPlatforms) = preSolution
		Debug|Any CPU = Debug|Any CPU
		Release|Any CPU = Release|Any CPU
	EndGlobalSection
	GlobalSection(ProjectConfigurationPlatforms) = postSolution
		{DE50B996-4111-432C-A13E-E9D1D5FE57B5}.Debug|Any CPU.ActiveCfg = Debug|Any CPU
		{DE50B996-4111-432C-A13E-E9D1D5FE57B5}.Debug|Any CPU.Build.0 = Debug|Any CPU
		{DE50B996-4111-432C-A13E-E9D1D5FE57B5}.Release|Any CPU.ActiveCfg = Release|Any CPU
		{DE50B996-4111-432C-A13E-E9D1D5FE57B5}.Release|Any CPU.Build.0 = Release|Any CPU
	EndGlobalSection
	GlobalSection(SolutionProperties) = preSolution
		HideSolutionNode = FALSE
	EndGlobalSection
	GlobalSection(ExtensibilityGlobals) = postSolution
		SolutionGuid = {2E12F15C-DF3B-4969-9A09-3F3FFA2BB4A0}
	EndGlobalSection
EndGlobal
